
Microsoft Visual Studio Solution File, Format Version 12.00
# Visual Studio Version 17
VisualStudioVersion = 17.7.34018.315
MinimumVisualStudioVersion = 10.0.40219.1
Project("{FAE04EC0-301F-11D3-BF4B-00C04F79EFBC}") = "Quiz", "Quiz.csproj", "{9ADE5499-C7A5-44CE-86BC-4B7EA647227F}"
EndProject
Global
	GlobalSection(SolutionConfigurationPlatforms) = preSolution
		Debug|Any CPU = Debug|Any CPU
		Release|Any CPU = Release|Any CPU
	EndGlobalSection
	GlobalSection(ProjectConfigurationPlatforms) = postSolution
		{9ADE5499-C7A5-44CE-86BC-4B7EA647227F}.Debug|Any CPU.ActiveCfg = Debug|Any CPU
		{9ADE5499-C7A5-44CE-86BC-4B7EA647227F}.Debug|Any CPU.Build.0 = Debug|Any CPU
		{9ADE5499-C7A5-44CE-86BC-4B7EA647227F}.Release|Any CPU.ActiveCfg = Release|Any CPU
		{9ADE5499-C7A5-44CE-86BC-4B7EA647227F}.Release|Any CPU.Build.0 = Release|Any CPU
	EndGlobalSection
	GlobalSection(SolutionProperties) = preSolution
		HideSolutionNode = FALSE
	EndGlobalSection
	GlobalSection(ExtensibilityGlobals) = postSolution
		SolutionGuid = {AF68EFA8-F3EF-40B7-B410-C2C552A2714A}
	EndGlobalSection
EndGlobal
